// !$*UTF8*$!
{
	archiveVersion = 1;
	classes = {
	};
	objectVersion = 56;
	objects = {

/* Begin PBXBuildFile section */
		B15134D22B0F780F00275F87 /* ToDoAppApp.swift in Sources */ = {isa = PBXBuildFile; fileRef = B15134D12B0F780F00275F87 /* ToDoAppApp.swift */; };
		B15134D42B0F780F00275F87 /* ContentView.swift in Sources */ = {isa = PBXBuildFile; fileRef = B15134D32B0F780F00275F87 /* ContentView.swift */; };
		B15134D62B0F781400275F87 /* Assets.xcassets in Resources */ = {isa = PBXBuildFile; fileRef = B15134D52B0F781400275F87 /* Assets.xcassets */; };
		B15134D92B0F781400275F87 /* Preview Assets.xcassets in Resources */ = {isa = PBXBuildFile; fileRef = B15134D82B0F781400275F87 /* Preview Assets.xcassets */; };
		B15134E42B0F781400275F87 /* ToDoAppTests.swift in Sources */ = {isa = PBXBuildFile; fileRef = B15134E32B0F781400275F87 /* ToDoAppTests.swift */; };
		B15134EE2B0F781500275F87 /* ToDoAppUITests.swift in Sources */ = {isa = PBXBuildFile; fileRef = B15134ED2B0F781500275F87 /* ToDoAppUITests.swift */; };
		B15134F02B0F781500275F87 /* ToDoAppUITestsLaunchTests.swift in Sources */ = {isa = PBXBuildFile; fileRef = B15134EF2B0F781500275F87 /* ToDoAppUITestsLaunchTests.swift */; };
/* End PBXBuildFile section */

/* Begin PBXContainerItemProxy section */
		B15134E02B0F781400275F87 /* PBXContainerItemProxy */ = {
			isa = PBXContainerItemProxy;
			containerPortal = B15134C62B0F780F00275F87 /* Project object */;
			proxyType = 1;
			remoteGlobalIDString = B15134CD2B0F780F00275F87;
			remoteInfo = ToDoApp;
		};
		B15134EA2B0F781500275F87 /* PBXContainerItemProxy */ = {
			isa = PBXContainerItemProxy;
			containerPortal = B15134C62B0F780F00275F87 /* Project object */;
			proxyType = 1;
			remoteGlobalIDString = B15134CD2B0F780F00275F87;
			remoteInfo = ToDoApp;
		};
/* End PBXContainerItemProxy section */

/* Begin PBXFileReference section */
		B15134CE2B0F780F00275F87 /* ToDoApp.app */ = {isa = PBXFileReference; explicitFileType = wrapper.application; includeInIndex = 0; path = ToDoApp.app; sourceTree = BUILT_PRODUCTS_DIR; };
		B15134D12B0F780F00275F87 /* ToDoAppApp.swift */ = {isa = PBXFileReference; lastKnownFileType = sourcecode.swift; path = ToDoAppApp.swift; sourceTree = "<group>"; };
		B15134D32B0F780F00275F87 /* ContentView.swift */ = {isa = PBXFileReference; lastKnownFileType = sourcecode.swift; path = ContentView.swift; sourceTree = "<group>"; };
		B15134D52B0F781400275F87 /* Assets.xcassets */ = {isa = PBXFileReference; lastKnownFileType = folder.assetcatalog; path = Assets.xcassets; sourceTree = "<group>"; };
		B15134D82B0F781400275F87 /* Preview Assets.xcassets */ = {isa = PBXFileReference; lastKnownFileType = folder.assetcatalog; path = "Preview Assets.xcassets"; sourceTree = "<group>"; };
		B15134DA2B0F781400275F87 /* ToDoApp.entitlements */ = {isa = PBXFileReference; lastKnownFileType = text.plist.entitlements; path = ToDoApp.entitlements; sourceTree = "<group>"; };
		B15134DF2B0F781400275F87 /* ToDoAppTests.xctest */ = {isa = PBXFileReference; explicitFileType = wrapper.cfbundle; includeInIndex = 0; path = ToDoAppTests.xctest; sourceTree = BUILT_PRODUCTS_DIR; };
		B15134E32B0F781400275F87 /* ToDoAppTests.swift */ = {isa = PBXFileReference; lastKnownFileType = sourcecode.swift; path = ToDoAppTests.swift; sourceTree = "<group>"; };
		B15134E92B0F781500275F87 /* ToDoAppUITests.xctest */ = {isa = PBXFileReference; explicitFileType = wrapper.cfbundle; includeInIndex = 0; path = ToDoAppUITests.xctest; sourceTree = BUILT_PRODUCTS_DIR; };
		B15134ED2B0F781500275F87 /* ToDoAppUITests.swift */ = {isa = PBXFileReference; lastKnownFileType = sourcecode.swift; path = ToDoAppUITests.swift; sourceTree = "<group>"; };
		B15134EF2B0F781500275F87 /* ToDoAppUITestsLaunchTests.swift */ = {isa = PBXFileReference; lastKnownFileType = sourcecode.swift; path = ToDoAppUITestsLaunchTests.swift; sourceTree = "<group>"; };
/* End PBXFileReference section */

/* Begin PBXFrameworksBuildPhase section */
		B15134CB2B0F780F00275F87 /* Frameworks */ = {
			isa = PBXFrameworksBuildPhase;
			buildActionMask = 2147483647;
			files = (
			);
			runOnlyForDeploymentPostprocessing = 0;
		};
		B15134DC2B0F781400275F87 /* Frameworks */ = {
			isa = PBXFrameworksBuildPhase;
			buildActionMask = 2147483647;
			files = (
			);
			runOnlyForDeploymentPostprocessing = 0;
		};
		B15134E62B0F781500275F87 /* Frameworks */ = {
			isa = PBXFrameworksBuildPhase;
			buildActionMask = 2147483647;
			files = (
			);
			runOnlyForDeploymentPostprocessing = 0;
		};
/* End PBXFrameworksBuildPhase section */

/* Begin PBXGroup section */
		B15134C52B0F780F00275F87 = {
			isa = PBXGroup;
			children = (
				B15134D02B0F780F00275F87 /* ToDoApp */,
				B15134E22B0F781400275F87 /* ToDoAppTests */,
				B15134EC2B0F781500275F87 /* ToDoAppUITests */,
				B15134CF2B0F780F00275F87 /* Products */,
			);
			sourceTree = "<group>";
		};
		B15134CF2B0F780F00275F87 /* Products */ = {
			isa = PBXGroup;
			children = (
				B15134CE2B0F780F00275F87 /* ToDoApp.app */,
				B15134DF2B0F781400275F87 /* ToDoAppTests.xctest */,
				B15134E92B0F781500275F87 /* ToDoAppUITests.xctest */,
			);
			name = Products;
			sourceTree = "<group>";
		};
		B15134D02B0F780F00275F87 /* ToDoApp */ = {
			isa = PBXGroup;
			children = (
				B15134D12B0F780F00275F87 /* ToDoAppApp.swift */,
				B15134D32B0F780F00275F87 /* ContentView.swift */,
				B15134D52B0F781400275F87 /* Assets.xcassets */,
				B15134DA2B0F781400275F87 /* ToDoApp.entitlements */,
				B15134D72B0F781400275F87 /* Preview Content */,
			);
			path = ToDoApp;
			sourceTree = "<group>";
		};
		B15134D72B0F781400275F87 /* Preview Content */ = {
			isa = PBXGroup;
			children = (
				B15134D82B0F781400275F87 /* Preview Assets.xcassets */,
			);
			path = "Preview Content";
			sourceTree = "<group>";
		};
		B15134E22B0F781400275F87 /* ToDoAppTests */ = {
			isa = PBXGroup;
			children = (
				B15134E32B0F781400275F87 /* ToDoAppTests.swift */,
			);
			path = ToDoAppTests;
			sourceTree = "<group>";
		};
		B15134EC2B0F781500275F87 /* ToDoAppUITests */ = {
			isa = PBXGroup;
			children = (
				B15134ED2B0F781500275F87 /* ToDoAppUITests.swift */,
				B15134EF2B0F781500275F87 /* ToDoAppUITestsLaunchTests.swift */,
			);
			path = ToDoAppUITests;
			sourceTree = "<group>";
		};
/* End PBXGroup section */

/* Begin PBXNativeTarget section */
		B15134CD2B0F780F00275F87 /* ToDoApp */ = {
			isa = PBXNativeTarget;
			buildConfigurationList = B15134F32B0F781500275F87 /* Build configuration list for PBXNativeTarget "ToDoApp" */;
			buildPhases = (
				B15134CA2B0F780F00275F87 /* Sources */,
				B15134CB2B0F780F00275F87 /* Frameworks */,
				B15134CC2B0F780F00275F87 /* Resources */,
			);
			buildRules = (
			);
			dependencies = (
			);
			name = ToDoApp;
			productName = ToDoApp;
			productReference = B15134CE2B0F780F00275F87 /* ToDoApp.app */;
			productType = "com.apple.product-type.application";
		};
		B15134DE2B0F781400275F87 /* ToDoAppTests */ = {
			isa = PBXNativeTarget;
			buildConfigurationList = B15134F62B0F781500275F87 /* Build configuration list for PBXNativeTarget "ToDoAppTests" */;
			buildPhases = (
				B15134DB2B0F781400275F87 /* Sources */,
				B15134DC2B0F781400275F87 /* Frameworks */,
				B15134DD2B0F781400275F87 /* Resources */,
			);
			buildRules = (
			);
			dependencies = (
				B15134E12B0F781400275F87 /* PBXTargetDependency */,
			);
			name = ToDoAppTests;
			productName = ToDoAppTests;
			productReference = B15134DF2B0F781400275F87 /* ToDoAppTests.xctest */;
			productType = "com.apple.product-type.bundle.unit-test";
		};
		B15134E82B0F781500275F87 /* ToDoAppUITests */ = {
			isa = PBXNativeTarget;
			buildConfigurationList = B15134F92B0F781500275F87 /* Build configuration list for PBXNativeTarget "ToDoAppUITests" */;
			buildPhases = (
				B15134E52B0F781500275F87 /* Sources */,
				B15134E62B0F781500275F87 /* Frameworks */,
				B15134E72B0F781500275F87 /* Resources */,
			);
			buildRules = (
			);
			dependencies = (
				B15134EB2B0F781500275F87 /* PBXTargetDependency */,
			);
			name = ToDoAppUITests;
			productName = ToDoAppUITests;
			productReference = B15134E92B0F781500275F87 /* ToDoAppUITests.xctest */;
			productType = "com.apple.product-type.bundle.ui-testing";
		};
/* End PBXNativeTarget section */

/* Begin PBXProject section */
		B15134C62B0F780F00275F87 /* Project object */ = {
			isa = PBXProject;
			attributes = {
				BuildIndependentTargetsInParallel = 1;
				LastSwiftUpdateCheck = 1500;
				LastUpgradeCheck = 1500;
				TargetAttributes = {
					B15134CD2B0F780F00275F87 = {
						CreatedOnToolsVersion = 15.0.1;
					};
					B15134DE2B0F781400275F87 = {
						CreatedOnToolsVersion = 15.0.1;
						TestTargetID = B15134CD2B0F780F00275F87;
					};
					B15134E82B0F781500275F87 = {
						CreatedOnToolsVersion = 15.0.1;
						TestTargetID = B15134CD2B0F780F00275F87;
					};
				};
			};
			buildConfigurationList = B15134C92B0F780F00275F87 /* Build configuration list for PBXProject "ToDoApp" */;
			compatibilityVersion = "Xcode 14.0";
			developmentRegion = en;
			hasScannedForEncodings = 0;
			knownRegions = (
				en,
				Base,
			);
			mainGroup = B15134C52B0F780F00275F87;
			productRefGroup = B15134CF2B0F780F00275F87 /* Products */;
			projectDirPath = "";
			projectRoot = "";
			targets = (
				B15134CD2B0F780F00275F87 /* ToDoApp */,
				B15134DE2B0F781400275F87 /* ToDoAppTests */,
				B15134E82B0F781500275F87 /* ToDoAppUITests */,
			);
		};
/* End PBXProject section */

/* Begin PBXResourcesBuildPhase section */
		B15134CC2B0F780F00275F87 /* Resources */ = {
			isa = PBXResourcesBuildPhase;
			buildActionMask = 2147483647;
			files = (
				B15134D92B0F781400275F87 /* Preview Assets.xcassets in Resources */,
				B15134D62B0F781400275F87 /* Assets.xcassets in Resources */,
			);
			runOnlyForDeploymentPostprocessing = 0;
		};
		B15134DD2B0F781400275F87 /* Resources */ = {
			isa = PBXResourcesBuildPhase;
			buildActionMask = 2147483647;
			files = (
			);
			runOnlyForDeploymentPostprocessing = 0;
		};
		B15134E72B0F781500275F87 /* Resources */ = {
			isa = PBXResourcesBuildPhase;
			buildActionMask = 2147483647;
			files = (
			);
			runOnlyForDeploymentPostprocessing = 0;
		};
/* End PBXResourcesBuildPhase section */

/* Begin PBXSourcesBuildPhase section */
		B15134CA2B0F780F00275F87 /* Sources */ = {
			isa = PBXSourcesBuildPhase;
			buildActionMask = 2147483647;
			files = (
				B15134D42B0F780F00275F87 /* ContentView.swift in Sources */,
				B15134D22B0F780F00275F87 /* ToDoAppApp.swift in Sources */,
			);
			runOnlyForDeploymentPostprocessing = 0;
		};
		B15134DB2B0F781400275F87 /* Sources */ = {
			isa = PBXSourcesBuildPhase;
			buildActionMask = 2147483647;
			files = (
				B15134E42B0F781400275F87 /* ToDoAppTests.swift in Sources */,
			);
			runOnlyForDeploymentPostprocessing = 0;
		};
		B15134E52B0F781500275F87 /* Sources */ = {
			isa = PBXSourcesBuildPhase;
			buildActionMask = 2147483647;
			files = (
				B15134F02B0F781500275F87 /* ToDoAppUITestsLaunchTests.swift in Sources */,
				B15134EE2B0F781500275F87 /* ToDoAppUITests.swift in Sources */,
			);
			runOnlyForDeploymentPostprocessing = 0;
		};
/* End PBXSourcesBuildPhase section */

/* Begin PBXTargetDependency section */
		B15134E12B0F781400275F87 /* PBXTargetDependency */ = {
			isa = PBXTargetDependency;
			target = B15134CD2B0F780F00275F87 /* ToDoApp */;
			targetProxy = B15134E02B0F781400275F87 /* PBXContainerItemProxy */;
		};
		B15134EB2B0F781500275F87 /* PBXTargetDependency */ = {
			isa = PBXTargetDependency;
			target = B15134CD2B0F780F00275F87 /* ToDoApp */;
			targetProxy = B15134EA2B0F781500275F87 /* PBXContainerItemProxy */;
		};
/* End PBXTargetDependency section */

/* Begin XCBuildConfiguration section */
		B15134F12B0F781500275F87 /* Debug */ = {
			isa = XCBuildConfiguration;
			buildSettings = {
				ALWAYS_SEARCH_USER_PATHS = NO;
				ASSETCATALOG_COMPILER_GENERATE_SWIFT_ASSET_SYMBOL_EXTENSIONS = YES;
				CLANG_ANALYZER_NONNULL = YES;
				CLANG_ANALYZER_NUMBER_OBJECT_CONVERSION = YES_AGGRESSIVE;
				CLANG_CXX_LANGUAGE_STANDARD = "gnu++20";
				CLANG_ENABLE_MODULES = YES;
				CLANG_ENABLE_OBJC_ARC = YES;
				CLANG_ENABLE_OBJC_WEAK = YES;
				CLANG_WARN_BLOCK_CAPTURE_AUTORELEASING = YES;
				CLANG_WARN_BOOL_CONVERSION = YES;
				CLANG_WARN_COMMA = YES;
				CLANG_WARN_CONSTANT_CONVERSION = YES;
				CLANG_WARN_DEPRECATED_OBJC_IMPLEMENTATIONS = YES;
				CLANG_WARN_DIRECT_OBJC_ISA_USAGE = YES_ERROR;
				CLANG_WARN_DOCUMENTATION_COMMENTS = YES;
				CLANG_WARN_EMPTY_BODY = YES;
				CLANG_WARN_ENUM_CONVERSION = YES;
				CLANG_WARN_INFINITE_RECURSION = YES;
				CLANG_WARN_INT_CONVERSION = YES;
				CLANG_WARN_NON_LITERAL_NULL_CONVERSION = YES;
				CLANG_WARN_OBJC_IMPLICIT_RETAIN_SELF = YES;
				CLANG_WARN_OBJC_LITERAL_CONVERSION = YES;
				CLANG_WARN_OBJC_ROOT_CLASS = YES_ERROR;
				CLANG_WARN_QUOTED_INCLUDE_IN_FRAMEWORK_HEADER = YES;
				CLANG_WARN_RANGE_LOOP_ANALYSIS = YES;
				CLANG_WARN_STRICT_PROTOTYPES = YES;
				CLANG_WARN_SUSPICIOUS_MOVE = YES;
				CLANG_WARN_UNGUARDED_AVAILABILITY = YES_AGGRESSIVE;
				CLANG_WARN_UNREACHABLE_CODE = YES;
				CLANG_WARN__DUPLICATE_METHOD_MATCH = YES;
				COPY_PHASE_STRIP = NO;
				DEBUG_INFORMATION_FORMAT = dwarf;
				ENABLE_STRICT_OBJC_MSGSEND = YES;
				ENABLE_TESTABILITY = YES;
				ENABLE_USER_SCRIPT_SANDBOXING = YES;
				GCC_C_LANGUAGE_STANDARD = gnu17;
				GCC_DYNAMIC_NO_PIC = NO;
				GCC_NO_COMMON_BLOCKS = YES;
				GCC_OPTIMIZATION_LEVEL = 0;
				GCC_PREPROCESSOR_DEFINITIONS = (
					"DEBUG=1",
					"$(inherited)",
				);
				GCC_WARN_64_TO_32_BIT_CONVERSION = YES;
				GCC_WARN_ABOUT_RETURN_TYPE = YES_ERROR;
				GCC_WARN_UNDECLARED_SELECTOR = YES;
				GCC_WARN_UNINITIALIZED_AUTOS = YES_AGGRESSIVE;
				GCC_WARN_UNUSED_FUNCTION = YES;
				GCC_WARN_UNUSED_VARIABLE = YES;
				LOCALIZATION_PREFERS_STRING_CATALOGS = YES;
				MACOSX_DEPLOYMENT_TARGET = 13.6;
				MTL_ENABLE_DEBUG_INFO = INCLUDE_SOURCE;
				MTL_FAST_MATH = YES;
				ONLY_ACTIVE_ARCH = YES;
				SDKROOT = macosx;
				SWIFT_ACTIVE_COMPILATION_CONDITIONS = "DEBUG $(inherited)";
				SWIFT_OPTIMIZATION_LEVEL = "-Onone";
			};
			name = Debug;
		};
		B15134F22B0F781500275F87 /* Release */ = {
			isa = XCBuildConfiguration;
			buildSettings = {
				ALWAYS_SEARCH_USER_PATHS = NO;
				ASSETCATALOG_COMPILER_GENERATE_SWIFT_ASSET_SYMBOL_EXTENSIONS = YES;
				CLANG_ANALYZER_NONNULL = YES;
				CLANG_ANALYZER_NUMBER_OBJECT_CONVERSION = YES_AGGRESSIVE;
				CLANG_CXX_LANGUAGE_STANDARD = "gnu++20";
				CLANG_ENABLE_MODULES = YES;
				CLANG_ENABLE_OBJC_ARC = YES;
				CLANG_ENABLE_OBJC_WEAK = YES;
				CLANG_WARN_BLOCK_CAPTURE_AUTORELEASING = YES;
				CLANG_WARN_BOOL_CONVERSION = YES;
				CLANG_WARN_COMMA = YES;
				CLANG_WARN_CONSTANT_CONVERSION = YES;
				CLANG_WARN_DEPRECATED_OBJC_IMPLEMENTATIONS = YES;
				CLANG_WARN_DIRECT_OBJC_ISA_USAGE = YES_ERROR;
				CLANG_WARN_DOCUMENTATION_COMMENTS = YES;
				CLANG_WARN_EMPTY_BODY = YES;
				CLANG_WARN_ENUM_CONVERSION = YES;
				CLANG_WARN_INFINITE_RECURSION = YES;
				CLANG_WARN_INT_CONVERSION = YES;
				CLANG_WARN_NON_LITERAL_NULL_CONVERSION = YES;
				CLANG_WARN_OBJC_IMPLICIT_RETAIN_SELF = YES;
				CLANG_WARN_OBJC_LITERAL_CONVERSION = YES;
				CLANG_WARN_OBJC_ROOT_CLASS = YES_ERROR;
				CLANG_WARN_QUOTED_INCLUDE_IN_FRAMEWORK_HEADER = YES;
				CLANG_WARN_RANGE_LOOP_ANALYSIS = YES;
				CLANG_WARN_STRICT_PROTOTYPES = YES;
				CLANG_WARN_SUSPICIOUS_MOVE = YES;
				CLANG_WARN_UNGUARDED_AVAILABILITY = YES_AGGRESSIVE;
				CLANG_WARN_UNREACHABLE_CODE = YES;
				CLANG_WARN__DUPLICATE_METHOD_MATCH = YES;
				COPY_PHASE_STRIP = NO;
				DEBUG_INFORMATION_FORMAT = "dwarf-with-dsym";
				ENABLE_NS_ASSERTIONS = NO;
				ENABLE_STRICT_OBJC_MSGSEND = YES;
				ENABLE_USER_SCRIPT_SANDBOXING = YES;
				GCC_C_LANGUAGE_STANDARD = gnu17;
				GCC_NO_COMMON_BLOCKS = YES;
				GCC_WARN_64_TO_32_BIT_CONVERSION = YES;
				GCC_WARN_ABOUT_RETURN_TYPE = YES_ERROR;
				GCC_WARN_UNDECLARED_SELECTOR = YES;
				GCC_WARN_UNINITIALIZED_AUTOS = YES_AGGRESSIVE;
				GCC_WARN_UNUSED_FUNCTION = YES;
				GCC_WARN_UNUSED_VARIABLE = YES;
				LOCALIZATION_PREFERS_STRING_CATALOGS = YES;
				MACOSX_DEPLOYMENT_TARGET = 13.6;
				MTL_ENABLE_DEBUG_INFO = NO;
				MTL_FAST_MATH = YES;
				SDKROOT = macosx;
				SWIFT_COMPILATION_MODE = wholemodule;
			};
			name = Release;
		};
		B15134F42B0F781500275F87 /* Debug */ = {
			isa = XCBuildConfiguration;
			buildSettings = {
				ASSETCATALOG_COMPILER_APPICON_NAME = AppIcon;
				ASSETCATALOG_COMPILER_GLOBAL_ACCENT_COLOR_NAME = AccentColor;
				ASSETCATALOG_COMPILER_INCLUDE_ALL_APPICON_ASSETS = YES;
				CODE_SIGN_ENTITLEMENTS = ToDoApp/ToDoApp.entitlements;
				CODE_SIGN_STYLE = Automatic;
				COMBINE_HIDPI_IMAGES = YES;
				CURRENT_PROJECT_VERSION = 1;
				DEVELOPMENT_ASSET_PATHS = "\"ToDoApp/Preview Content\"";
				ENABLE_PREVIEWS = YES;
				GENERATE_INFOPLIST_FILE = YES;
				INFOPLIST_KEY_LSApplicationCategoryType = "public.app-category.productivity";
				INFOPLIST_KEY_NSHumanReadableCopyright = "";
				LD_RUNPATH_SEARCH_PATHS = (
					"$(inherited)",
					"@executable_path/../Frameworks",
				);
				MARKETING_VERSION = 1.0.1;
				PRODUCT_BUNDLE_IDENTIFIER = amr.ToDoApp;
				PRODUCT_NAME = "$(TARGET_NAME)";
				SWIFT_EMIT_LOC_STRINGS = YES;
				SWIFT_VERSION = 5.0;
			};
			name = Debug;
		};
		B15134F52B0F781500275F87 /* Release */ = {
			isa = XCBuildConfiguration;
			buildSettings = {
				ASSETCATALOG_COMPILER_APPICON_NAME = AppIcon;
				ASSETCATALOG_COMPILER_GLOBAL_ACCENT_COLOR_NAME = AccentColor;
				ASSETCATALOG_COMPILER_INCLUDE_ALL_APPICON_ASSETS = YES;
				CODE_SIGN_ENTITLEMENTS = ToDoApp/ToDoApp.entitlements;
				CODE_SIGN_STYLE = Automatic;
				COMBINE_HIDPI_IMAGES = YES;
				CURRENT_PROJECT_VERSION = 1;
				DEVELOPMENT_ASSET_PATHS = "\"ToDoApp/Preview Content\"";
				ENABLE_PREVIEWS = YES;
				GENERATE_INFOPLIST_FILE = YES;
				INFOPLIST_KEY_LSApplicationCategoryType = "public.app-category.productivity";
				INFOPLIST_KEY_NSHumanReadableCopyright = "";
				LD_RUNPATH_SEARCH_PATHS = (
					"$(inherited)",
					"@executable_path/../Frameworks",
				);
				MARKETING_VERSION = 1.0.1;
				PRODUCT_BUNDLE_IDENTIFIER = amr.ToDoApp;
				PRODUCT_NAME = "$(TARGET_NAME)";
				SWIFT_EMIT_LOC_STRINGS = YES;
				SWIFT_VERSION = 5.0;
			};
			name = Release;
		};
		B15134F72B0F781500275F87 /* Debug */ = {
			isa = XCBuildConfiguration;
			buildSettings = {
				ALWAYS_EMBED_SWIFT_STANDARD_LIBRARIES = YES;
				BUNDLE_LOADER = "$(TEST_HOST)";
				CODE_SIGN_STYLE = Automatic;
				CURRENT_PROJECT_VERSION = 1;
				GENERATE_INFOPLIST_FILE = YES;
				MACOSX_DEPLOYMENT_TARGET = 13.6;
				MARKETING_VERSION = 1.0;
				PRODUCT_BUNDLE_IDENTIFIER = amr.ToDoAppTests;
				PRODUCT_NAME = "$(TARGET_NAME)";
				SWIFT_EMIT_LOC_STRINGS = NO;
				SWIFT_VERSION = 5.0;
				TEST_HOST = "$(BUILT_PRODUCTS_DIR)/ToDoApp.app/$(BUNDLE_EXECUTABLE_FOLDER_PATH)/ToDoApp";
			};
			name = Debug;
		};
		B15134F82B0F781500275F87 /* Release */ = {
			isa = XCBuildConfiguration;
			buildSettings = {
				ALWAYS_EMBED_SWIFT_STANDARD_LIBRARIES = YES;
				BUNDLE_LOADER = "$(TEST_HOST)";
				CODE_SIGN_STYLE = Automatic;
				CURRENT_PROJECT_VERSION = 1;
				GENERATE_INFOPLIST_FILE = YES;
				MACOSX_DEPLOYMENT_TARGET = 13.6;
				MARKETING_VERSION = 1.0;
				PRODUCT_BUNDLE_IDENTIFIER = amr.ToDoAppTests;
				PRODUCT_NAME = "$(TARGET_NAME)";
				SWIFT_EMIT_LOC_STRINGS = NO;
				SWIFT_VERSION = 5.0;
				TEST_HOST = "$(BUILT_PRODUCTS_DIR)/ToDoApp.app/$(BUNDLE_EXECUTABLE_FOLDER_PATH)/ToDoApp";
			};
			name = Release;
		};
		B15134FA2B0F781500275F87 /* Debug */ = {
			isa = XCBuildConfiguration;
			buildSettings = {
				ALWAYS_EMBED_SWIFT_STANDARD_LIBRARIES = YES;
				CODE_SIGN_STYLE = Automatic;
				CURRENT_PROJECT_VERSION = 1;
				GENERATE_INFOPLIST_FILE = YES;
				MARKETING_VERSION = 1.0;
				PRODUCT_BUNDLE_IDENTIFIER = amr.ToDoAppUITests;
				PRODUCT_NAME = "$(TARGET_NAME)";
				SWIFT_EMIT_LOC_STRINGS = NO;
				SWIFT_VERSION = 5.0;
				TEST_TARGET_NAME = ToDoApp;
			};
			name = Debug;
		};
		B15134FB2B0F781500275F87 /* Release */ = {
			isa = XCBuildConfiguration;
			buildSettings = {
				ALWAYS_EMBED_SWIFT_STANDARD_LIBRARIES = YES;
				CODE_SIGN_STYLE = Automatic;
				CURRENT_PROJECT_VERSION = 1;
				GENERATE_INFOPLIST_FILE = YES;
				MARKETING_VERSION = 1.0;
				PRODUCT_BUNDLE_IDENTIFIER = amr.ToDoAppUITests;
				PRODUCT_NAME = "$(TARGET_NAME)";
				SWIFT_EMIT_LOC_STRINGS = NO;
				SWIFT_VERSION = 5.0;
				TEST_TARGET_NAME = ToDoApp;
			};
			name = Release;
		};
/* End XCBuildConfiguration section */

/* Begin XCConfigurationList section */
		B15134C92B0F780F00275F87 /* Build configuration list for PBXProject "ToDoApp" */ = {
			isa = XCConfigurationList;
			buildConfigurations = (
				B15134F12B0F781500275F87 /* Debug */,
				B15134F22B0F781500275F87 /* Release */,
			);
			defaultConfigurationIsVisible = 0;
			defaultConfigurationName = Release;
		};
		B15134F32B0F781500275F87 /* Build configuration list for PBXNativeTarget "ToDoApp" */ = {
			isa = XCConfigurationList;
			buildConfigurations = (
				B15134F42B0F781500275F87 /* Debug */,
				B15134F52B0F781500275F87 /* Release */,
			);
			defaultConfigurationIsVisible = 0;
			defaultConfigurationName = Release;
		};
		B15134F62B0F781500275F87 /* Build configuration list for PBXNativeTarget "ToDoAppTests" */ = {
			isa = XCConfigurationList;
			buildConfigurations = (
				B15134F72B0F781500275F87 /* Debug */,
				B15134F82B0F781500275F87 /* Release */,
			);
			defaultConfigurationIsVisible = 0;
			defaultConfigurationName = Release;
		};
		B15134F92B0F781500275F87 /* Build configuration list for PBXNativeTarget "ToDoAppUITests" */ = {
			isa = XCConfigurationList;
			buildConfigurations = (
				B15134FA2B0F781500275F87 /* Debug */,
				B15134FB2B0F781500275F87 /* Release */,
			);
			defaultConfigurationIsVisible = 0;
			defaultConfigurationName = Release;
		};
/* End XCConfigurationList section */
	};
	rootObject = B15134C62B0F780F00275F87 /* Project object */;
}
